
Microsoft Visual Studio Solution File, Format Version 12.00
# Visual Studio Version 17
VisualStudioVersion = 17.9.34728.123
MinimumVisualStudioVersion = 10.0.40219.1
Project("{9A19103F-16F7-4668-BE54-9A1E7A4F7556}") = "Rubiconmp-RectangleTask.API", "Rubiconmp-RectangleTask.Web\Rubiconmp-RectangleTask.API.csproj", "{F525C011-DFE5-49E9-B5DB-F73999CB4867}"
EndProject
Project("{9A19103F-16F7-4668-BE54-9A1E7A4F7556}") = "Rubiconmp-RectangleTask.Data", "Rubiconmp-RectangleTask.Data\Rubiconmp-RectangleTask.Data.csproj", "{B1445473-316D-4082-A3D5-E5C53D778385}"
EndProject
Project("{9A19103F-16F7-4668-BE54-9A1E7A4F7556}") = "Rubiconmp-RectangleTask.Application", "Rubiconmp-RectangleTask.Application\Rubiconmp-RectangleTask.Application.csproj", "{B7E507B1-0E32-49C0-9731-9B96083ABAC6}"
EndProject
Project("{E53339B2-1760-4266-BCC7-CA923CBCF16C}") = "docker-compose", "docker-compose.dcproj", "{E4A01001-F03F-46B1-B196-6E9F4A07BDF0}"
EndProject
Project("{FAE04EC0-301F-11D3-BF4B-00C04F79EFBC}") = "Rubiconmp-RectangleTask.Application.UnitTests", "Rubiconmp-RectangleTask.Application.UnitTests\Rubiconmp-RectangleTask.Application.UnitTests.csproj", "{A3AB9636-7A26-4380-A313-DB3701FC9FCA}"
EndProject
Global
	GlobalSection(SolutionConfigurationPlatforms) = preSolution
		Debug|Any CPU = Debug|Any CPU
		Release|Any CPU = Release|Any CPU
	EndGlobalSection
	GlobalSection(ProjectConfigurationPlatforms) = postSolution
		{F525C011-DFE5-49E9-B5DB-F73999CB4867}.Debug|Any CPU.ActiveCfg = Debug|Any CPU
		{F525C011-DFE5-49E9-B5DB-F73999CB4867}.Debug|Any CPU.Build.0 = Debug|Any CPU
		{F525C011-DFE5-49E9-B5DB-F73999CB4867}.Release|Any CPU.ActiveCfg = Release|Any CPU
		{F525C011-DFE5-49E9-B5DB-F73999CB4867}.Release|Any CPU.Build.0 = Release|Any CPU
		{B1445473-316D-4082-A3D5-E5C53D778385}.Debug|Any CPU.ActiveCfg = Debug|Any CPU
		{B1445473-316D-4082-A3D5-E5C53D778385}.Debug|Any CPU.Build.0 = Debug|Any CPU
		{B1445473-316D-4082-A3D5-E5C53D778385}.Release|Any CPU.ActiveCfg = Release|Any CPU
		{B1445473-316D-4082-A3D5-E5C53D778385}.Release|Any CPU.Build.0 = Release|Any CPU
		{B7E507B1-0E32-49C0-9731-9B96083ABAC6}.Debug|Any CPU.ActiveCfg = Debug|Any CPU
		{B7E507B1-0E32-49C0-9731-9B96083ABAC6}.Debug|Any CPU.Build.0 = Debug|Any CPU
		{B7E507B1-0E32-49C0-9731-9B96083ABAC6}.Release|Any CPU.ActiveCfg = Release|Any CPU
		{B7E507B1-0E32-49C0-9731-9B96083ABAC6}.Release|Any CPU.Build.0 = Release|Any CPU
		{E4A01001-F03F-46B1-B196-6E9F4A07BDF0}.Debug|Any CPU.ActiveCfg = Debug|Any CPU
		{E4A01001-F03F-46B1-B196-6E9F4A07BDF0}.Debug|Any CPU.Build.0 = Debug|Any CPU
		{E4A01001-F03F-46B1-B196-6E9F4A07BDF0}.Release|Any CPU.ActiveCfg = Release|Any CPU
		{E4A01001-F03F-46B1-B196-6E9F4A07BDF0}.Release|Any CPU.Build.0 = Release|Any CPU
		{A3AB9636-7A26-4380-A313-DB3701FC9FCA}.Debug|Any CPU.ActiveCfg = Debug|Any CPU
		{A3AB9636-7A26-4380-A313-DB3701FC9FCA}.Debug|Any CPU.Build.0 = Debug|Any CPU
		{A3AB9636-7A26-4380-A313-DB3701FC9FCA}.Release|Any CPU.ActiveCfg = Release|Any CPU
		{A3AB9636-7A26-4380-A313-DB3701FC9FCA}.Release|Any CPU.Build.0 = Release|Any CPU
	EndGlobalSection
	GlobalSection(SolutionProperties) = preSolution
		HideSolutionNode = FALSE
	EndGlobalSection
	GlobalSection(ExtensibilityGlobals) = postSolution
		SolutionGuid = {1434A718-9F41-4FC0-8A4A-E4D90160FDAA}
	EndGlobalSection
EndGlobal
